// !$*UTF8*$!
{
	archiveVersion = 1;
	classes = {
	};
	objectVersion = 45;
	objects = {

/* Begin PBXBuildFile section */
		1D60589B0D05DD56006BFB54 /* main.m in Sources */ = {isa = PBXBuildFile; fileRef = 29B97316FDCFA39411CA2CEA /* main.m */; };
		1D60589F0D05DD5A006BFB54 /* Foundation.framework in Frameworks */ = {isa = PBXBuildFile; fileRef = 1D30AB110D05D00D00671497 /* Foundation.framework */; };
		1DF5F4E00D08C38300B7A737 /* UIKit.framework in Frameworks */ = {isa = PBXBuildFile; fileRef = 1DF5F4DF0D08C38300B7A737 /* UIKit.framework */; };
		288765FD0DF74451002DB57D /* CoreGraphics.framework in Frameworks */ = {isa = PBXBuildFile; fileRef = 288765FC0DF74451002DB57D /* CoreGraphics.framework */; };
		28AA66DA115C16800003B21C /* AppDelegate.m in Sources */ = {isa = PBXBuildFile; fileRef = 28AA66D3115C16800003B21C /* AppDelegate.m */; };
		28AA66DB115C16800003B21C /* FirstDetailViewController.m in Sources */ = {isa = PBXBuildFile; fileRef = 28AA66D5115C16800003B21C /* FirstDetailViewController.m */; };
		28AA66DC115C16800003B21C /* RootViewController.m in Sources */ = {isa = PBXBuildFile; fileRef = 28AA66D7115C16800003B21C /* RootViewController.m */; };
		28AA66DD115C16800003B21C /* SecondDetailViewController.m in Sources */ = {isa = PBXBuildFile; fileRef = 28AA66D9115C16800003B21C /* SecondDetailViewController.m */; };
		28AA66DF115C16850003B21C /* ReadMe.txt in Resources */ = {isa = PBXBuildFile; fileRef = 28AA66DE115C16850003B21C /* ReadMe.txt */; };
		E42C4B2F145699FF007E49B8 /* 1_1.png in Resources */ = {isa = PBXBuildFile; fileRef = E42C4B2E145699FF007E49B8 /* 1_1.png */; };
		E467841213EFB67600984890 /* John Q.jpg in Resources */ = {isa = PBXBuildFile; fileRef = E467840F13EFB67600984890 /* John Q.jpg */; };
		E467841313EFB67600984890 /* Remember the Titans.jpg in Resources */ = {isa = PBXBuildFile; fileRef = E467841013EFB67600984890 /* Remember the Titans.jpg */; };
		E467841413EFB67600984890 /* Training Day.jpg in Resources */ = {isa = PBXBuildFile; fileRef = E467841113EFB67600984890 /* Training Day.jpg */; };
		E4E922311457C3A900C5DD55 /* 1_2.png in Resources */ = {isa = PBXBuildFile; fileRef = E4E922301457C3A900C5DD55 /* 1_2.png */; };
		E4E922361457FD9B00C5DD55 /* Theater.plist in Resources */ = {isa = PBXBuildFile; fileRef = E4E922351457FD9B00C5DD55 /* Theater.plist */; };
		E4E922381457FE3E00C5DD55 /* 2_1.png in Resources */ = {isa = PBXBuildFile; fileRef = E4E922371457FE3E00C5DD55 /* 2_1.png */; };
		E4E9223A145801EF00C5DD55 /* 2_2.png in Resources */ = {isa = PBXBuildFile; fileRef = E4E92239145801EF00C5DD55 /* 2_2.png */; };
		E4E9223C145805F300C5DD55 /* 2_3.png in Resources */ = {isa = PBXBuildFile; fileRef = E4E9223B145805F300C5DD55 /* 2_3.png */; };
		E4E9223F14580C0F00C5DD55 /* 2_4.png in Resources */ = {isa = PBXBuildFile; fileRef = E4E9223D14580C0E00C5DD55 /* 2_4.png */; };
		E4E9224014580C0F00C5DD55 /* 2_5.png in Resources */ = {isa = PBXBuildFile; fileRef = E4E9223E14580C0E00C5DD55 /* 2_5.png */; };
		E4E9224214580E5300C5DD55 /* Ticket.plist in Resources */ = {isa = PBXBuildFile; fileRef = E4E9224114580E5300C5DD55 /* Ticket.plist */; };
		E4E9224614580FB500C5DD55 /* 3_1.png in Resources */ = {isa = PBXBuildFile; fileRef = E4E9224314580FB400C5DD55 /* 3_1.png */; };
		E4E9224714580FB500C5DD55 /* 3_2.png in Resources */ = {isa = PBXBuildFile; fileRef = E4E9224414580FB400C5DD55 /* 3_2.png */; };
		E4E9224814580FB500C5DD55 /* 3_3.png in Resources */ = {isa = PBXBuildFile; fileRef = E4E9224514580FB400C5DD55 /* 3_3.png */; };
		E4F7DFA413EBDB7100051172 /* HomePage-001.jpg in Resources */ = {isa = PBXBuildFile; fileRef = E4F7DFA313EBDB7100051172 /* HomePage-001.jpg */; };
		EE0F019B13B1B88400A35829 /* FirstView.m in Sources */ = {isa = PBXBuildFile; fileRef = EE0F019913B1B88400A35829 /* FirstView.m */; };
		EE0F019C13B1B88400A35829 /* FirstView.xib in Resources */ = {isa = PBXBuildFile; fileRef = EE0F019A13B1B88400A35829 /* FirstView.xib */; };
		EE79237D13B2F48A001D0E49 /* FirstDetailView.xib in Resources */ = {isa = PBXBuildFile; fileRef = EE79237A13B2F48A001D0E49 /* FirstDetailView.xib */; };
		EE79237E13B2F48A001D0E49 /* MainWindow.xib in Resources */ = {isa = PBXBuildFile; fileRef = EE79237B13B2F48A001D0E49 /* MainWindow.xib */; };
		EE79237F13B2F48A001D0E49 /* SecondDetailView.xib in Resources */ = {isa = PBXBuildFile; fileRef = EE79237C13B2F48A001D0E49 /* SecondDetailView.xib */; };
		EE7E47A213B474A000487ED0 /* FilesHandlingViewController.m in Sources */ = {isa = PBXBuildFile; fileRef = EE7E47A113B474A000487ED0 /* FilesHandlingViewController.m */; };
		EE7E47A713B47DD800487ED0 /* Movies.plist in Resources */ = {isa = PBXBuildFile; fileRef = EE7E47A613B47DD800487ED0 /* Movies.plist */; };
		EEAB1A4B13B43489003E83BE /* ThirdDetailViewController.m in Sources */ = {isa = PBXBuildFile; fileRef = EEAB1A4913B43489003E83BE /* ThirdDetailViewController.m */; };
		EEAB1A4C13B43489003E83BE /* ThirdDetailViewController.xib in Resources */ = {isa = PBXBuildFile; fileRef = EEAB1A4A13B43489003E83BE /* ThirdDetailViewController.xib */; };
		EEC39AF013BC739100E4427B /* CFNetwork.framework in Frameworks */ = {isa = PBXBuildFile; fileRef = EEC39AEF13BC739100E4427B /* CFNetwork.framework */; };
		EEC39AF313BC74AB00E4427B /* GCDAsyncSocket.m in Sources */ = {isa = PBXBuildFile; fileRef = EEC39AF213BC74AB00E4427B /* GCDAsyncSocket.m */; };
		EECBB76C13B9BFDA00DFDF10 /* apple.jpeg in Resources */ = {isa = PBXBuildFile; fileRef = EECBB76B13B9BFDA00DFDF10 /* apple.jpeg */; };
/* End PBXBuildFile section */

/* Begin PBXFileReference section */
		1D30AB110D05D00D00671497 /* Foundation.framework */ = {isa = PBXFileReference; lastKnownFileType = wrapper.framework; name = Foundation.framework; path = System/Library/Frameworks/Foundation.framework; sourceTree = SDKROOT; };
		1D6058910D05DD3D006BFB54 /* MultipleDetailViews.app */ = {isa = PBXFileReference; explicitFileType = wrapper.application; includeInIndex = 0; path = MultipleDetailViews.app; sourceTree = BUILT_PRODUCTS_DIR; };
		1DF5F4DF0D08C38300B7A737 /* UIKit.framework */ = {isa = PBXFileReference; lastKnownFileType = wrapper.framework; name = UIKit.framework; path = System/Library/Frameworks/UIKit.framework; sourceTree = SDKROOT; };
		288765FC0DF74451002DB57D /* CoreGraphics.framework */ = {isa = PBXFileReference; lastKnownFileType = wrapper.framework; name = CoreGraphics.framework; path = System/Library/Frameworks/CoreGraphics.framework; sourceTree = SDKROOT; };
		28AA66D2115C16800003B21C /* AppDelegate.h */ = {isa = PBXFileReference; fileEncoding = 4; lastKnownFileType = sourcecode.c.h; path = AppDelegate.h; sourceTree = "<group>"; };
		28AA66D3115C16800003B21C /* AppDelegate.m */ = {isa = PBXFileReference; fileEncoding = 4; lastKnownFileType = sourcecode.c.objc; path = AppDelegate.m; sourceTree = "<group>"; };
		28AA66D4115C16800003B21C /* FirstDetailViewController.h */ = {isa = PBXFileReference; fileEncoding = 4; lastKnownFileType = sourcecode.c.h; path = FirstDetailViewController.h; sourceTree = "<group>"; };
		28AA66D5115C16800003B21C /* FirstDetailViewController.m */ = {isa = PBXFileReference; fileEncoding = 4; lastKnownFileType = sourcecode.c.objc; path = FirstDetailViewController.m; sourceTree = "<group>"; };
		28AA66D6115C16800003B21C /* RootViewController.h */ = {isa = PBXFileReference; fileEncoding = 4; lastKnownFileType = sourcecode.c.h; path = RootViewController.h; sourceTree = "<group>"; };
		28AA66D7115C16800003B21C /* RootViewController.m */ = {isa = PBXFileReference; fileEncoding = 4; lastKnownFileType = sourcecode.c.objc; path = RootViewController.m; sourceTree = "<group>"; };
		28AA66D8115C16800003B21C /* SecondDetailViewController.h */ = {isa = PBXFileReference; fileEncoding = 4; lastKnownFileType = sourcecode.c.h; path = SecondDetailViewController.h; sourceTree = "<group>"; };
		28AA66D9115C16800003B21C /* SecondDetailViewController.m */ = {isa = PBXFileReference; fileEncoding = 4; lastKnownFileType = sourcecode.c.objc; path = SecondDetailViewController.m; sourceTree = "<group>"; };
		28AA66DE115C16850003B21C /* ReadMe.txt */ = {isa = PBXFileReference; fileEncoding = 4; lastKnownFileType = text; path = ReadMe.txt; sourceTree = "<group>"; };
		29B97316FDCFA39411CA2CEA /* main.m */ = {isa = PBXFileReference; fileEncoding = 4; lastKnownFileType = sourcecode.c.objc; path = main.m; sourceTree = "<group>"; };
		32CA4F630368D1EE00C91783 /* MultipleDetailViews_Prefix.pch */ = {isa = PBXFileReference; fileEncoding = 4; lastKnownFileType = sourcecode.c.h; path = MultipleDetailViews_Prefix.pch; sourceTree = "<group>"; };
		8D1107310486CEB800E47090 /* MultipleDetailViews-Info.plist */ = {isa = PBXFileReference; fileEncoding = 4; lastKnownFileType = text.plist.xml; path = "MultipleDetailViews-Info.plist"; plistStructureDefinitionIdentifier = "com.apple.xcode.plist.structure-definition.iphone.info-plist"; sourceTree = "<group>"; };
		E42C4B2E145699FF007E49B8 /* 1_1.png */ = {isa = PBXFileReference; lastKnownFileType = image.png; path = 1_1.png; sourceTree = "<group>"; };
		E467840F13EFB67600984890 /* John Q.jpg */ = {isa = PBXFileReference; lastKnownFileType = image.jpeg; path = "John Q.jpg"; sourceTree = "<group>"; };
		E467841013EFB67600984890 /* Remember the Titans.jpg */ = {isa = PBXFileReference; lastKnownFileType = image.jpeg; path = "Remember the Titans.jpg"; sourceTree = "<group>"; };
		E467841113EFB67600984890 /* Training Day.jpg */ = {isa = PBXFileReference; lastKnownFileType = image.jpeg; path = "Training Day.jpg"; sourceTree = "<group>"; };
		E4E922301457C3A900C5DD55 /* 1_2.png */ = {isa = PBXFileReference; lastKnownFileType = image.png; path = 1_2.png; sourceTree = "<group>"; };
		E4E922351457FD9B00C5DD55 /* Theater.plist */ = {isa = PBXFileReference; fileEncoding = 4; lastKnownFileType = text.plist.xml; path = Theater.plist; sourceTree = "<group>"; };
		E4E922371457FE3E00C5DD55 /* 2_1.png */ = {isa = PBXFileReference; lastKnownFileType = image.png; path = 2_1.png; sourceTree = "<group>"; };
		E4E92239145801EF00C5DD55 /* 2_2.png */ = {isa = PBXFileReference; lastKnownFileType = image.png; path = 2_2.png; sourceTree = "<group>"; };
		E4E9223B145805F300C5DD55 /* 2_3.png */ = {isa = PBXFileReference; lastKnownFileType = image.png; path = 2_3.png; sourceTree = "<group>"; };
		E4E9223D14580C0E00C5DD55 /* 2_4.png */ = {isa = PBXFileReference; lastKnownFileType = image.png; path = 2_4.png; sourceTree = "<group>"; };
		E4E9223E14580C0E00C5DD55 /* 2_5.png */ = {isa = PBXFileReference; lastKnownFileType = image.png; path = 2_5.png; sourceTree = "<group>"; };
		E4E9224114580E5300C5DD55 /* Ticket.plist */ = {isa = PBXFileReference; fileEncoding = 4; lastKnownFileType = text.plist.xml; path = Ticket.plist; sourceTree = "<group>"; };
		E4E9224314580FB400C5DD55 /* 3_1.png */ = {isa = PBXFileReference; lastKnownFileType = image.png; path = 3_1.png; sourceTree = "<group>"; };
		E4E9224414580FB400C5DD55 /* 3_2.png */ = {isa = PBXFileReference; lastKnownFileType = image.png; path = 3_2.png; sourceTree = "<group>"; };
		E4E9224514580FB400C5DD55 /* 3_3.png */ = {isa = PBXFileReference; lastKnownFileType = image.png; path = 3_3.png; sourceTree = "<group>"; };
		E4F7DFA313EBDB7100051172 /* HomePage-001.jpg */ = {isa = PBXFileReference; lastKnownFileType = image.jpeg; path = "HomePage-001.jpg"; sourceTree = "<group>"; };
		EE0F019813B1B88400A35829 /* FirstView.h */ = {isa = PBXFileReference; fileEncoding = 4; lastKnownFileType = sourcecode.c.h; path = FirstView.h; sourceTree = "<group>"; };
		EE0F019913B1B88400A35829 /* FirstView.m */ = {isa = PBXFileReference; fileEncoding = 4; lastKnownFileType = sourcecode.c.objc; path = FirstView.m; sourceTree = "<group>"; };
		EE0F019A13B1B88400A35829 /* FirstView.xib */ = {isa = PBXFileReference; fileEncoding = 4; lastKnownFileType = file.xib; name = FirstView.xib; path = Classes/FirstView.xib; sourceTree = "<group>"; };
		EE79237A13B2F48A001D0E49 /* FirstDetailView.xib */ = {isa = PBXFileReference; fileEncoding = 4; lastKnownFileType = file.xib; name = FirstDetailView.xib; path = Classes/FirstDetailView.xib; sourceTree = "<group>"; };
		EE79237B13B2F48A001D0E49 /* MainWindow.xib */ = {isa = PBXFileReference; fileEncoding = 4; lastKnownFileType = file.xib; name = MainWindow.xib; path = Classes/MainWindow.xib; sourceTree = "<group>"; };
		EE79237C13B2F48A001D0E49 /* SecondDetailView.xib */ = {isa = PBXFileReference; fileEncoding = 4; lastKnownFileType = file.xib; name = SecondDetailView.xib; path = Classes/SecondDetailView.xib; sourceTree = "<group>"; };
		EE7E47A013B474A000487ED0 /* FilesHandlingViewController.h */ = {isa = PBXFileReference; fileEncoding = 4; lastKnownFileType = sourcecode.c.h; path = FilesHandlingViewController.h; sourceTree = "<group>"; };
		EE7E47A113B474A000487ED0 /* FilesHandlingViewController.m */ = {isa = PBXFileReference; fileEncoding = 4; lastKnownFileType = sourcecode.c.objc; path = FilesHandlingViewController.m; sourceTree = "<group>"; };
		EE7E47A613B47DD800487ED0 /* Movies.plist */ = {isa = PBXFileReference; fileEncoding = 4; lastKnownFileType = text.plist.xml; path = Movies.plist; sourceTree = "<group>"; };
		EEAB1A4813B43489003E83BE /* ThirdDetailViewController.h */ = {isa = PBXFileReference; fileEncoding = 4; lastKnownFileType = sourcecode.c.h; path = ThirdDetailViewController.h; sourceTree = "<group>"; };
		EEAB1A4913B43489003E83BE /* ThirdDetailViewController.m */ = {isa = PBXFileReference; fileEncoding = 4; lastKnownFileType = sourcecode.c.objc; path = ThirdDetailViewController.m; sourceTree = "<group>"; };
		EEAB1A4A13B43489003E83BE /* ThirdDetailViewController.xib */ = {isa = PBXFileReference; fileEncoding = 4; lastKnownFileType = file.xib; name = ThirdDetailViewController.xib; path = Classes/ThirdDetailViewController.xib; sourceTree = "<group>"; };
		EEC39AEF13BC739100E4427B /* CFNetwork.framework */ = {isa = PBXFileReference; lastKnownFileType = wrapper.framework; path = CFNetwork.framework; sourceTree = "<group>"; };
		EEC39AF113BC74AB00E4427B /* GCDAsyncSocket.h */ = {isa = PBXFileReference; fileEncoding = 4; lastKnownFileType = sourcecode.c.h; path = GCDAsyncSocket.h; sourceTree = "<group>"; };
		EEC39AF213BC74AB00E4427B /* GCDAsyncSocket.m */ = {isa = PBXFileReference; fileEncoding = 4; lastKnownFileType = sourcecode.c.objc; path = GCDAsyncSocket.m; sourceTree = "<group>"; };
		EECBB76B13B9BFDA00DFDF10 /* apple.jpeg */ = {isa = PBXFileReference; lastKnownFileType = image.jpeg; path = apple.jpeg; sourceTree = "<group>"; };
/* End PBXFileReference section */

/* Begin PBXFrameworksBuildPhase section */
		1D60588F0D05DD3D006BFB54 /* Frameworks */ = {
			isa = PBXFrameworksBuildPhase;
			buildActionMask = 2147483647;
			files = (
				1D60589F0D05DD5A006BFB54 /* Foundation.framework in Frameworks */,
				1DF5F4E00D08C38300B7A737 /* UIKit.framework in Frameworks */,
				288765FD0DF74451002DB57D /* CoreGraphics.framework in Frameworks */,
				EEC39AF013BC739100E4427B /* CFNetwork.framework in Frameworks */,
			);
			runOnlyForDeploymentPostprocessing = 0;
		};
/* End PBXFrameworksBuildPhase section */

/* Begin PBXGroup section */
		080E96DDFE201D6D7F000001 /* Classes */ = {
			isa = PBXGroup;
			children = (
				EEC39AF113BC74AB00E4427B /* GCDAsyncSocket.h */,
				EEC39AF213BC74AB00E4427B /* GCDAsyncSocket.m */,
				EE7E47A013B474A000487ED0 /* FilesHandlingViewController.h */,
				EE7E47A113B474A000487ED0 /* FilesHandlingViewController.m */,
				28AA66D6115C16800003B21C /* RootViewController.h */,
				28AA66D7115C16800003B21C /* RootViewController.m */,
				28AA66D4115C16800003B21C /* FirstDetailViewController.h */,
				28AA66D5115C16800003B21C /* FirstDetailViewController.m */,
				28AA66D2115C16800003B21C /* AppDelegate.h */,
				28AA66D3115C16800003B21C /* AppDelegate.m */,
				EE0F019813B1B88400A35829 /* FirstView.h */,
				EE0F019913B1B88400A35829 /* FirstView.m */,
				28AA66D8115C16800003B21C /* SecondDetailViewController.h */,
				28AA66D9115C16800003B21C /* SecondDetailViewController.m */,
				EEAB1A4813B43489003E83BE /* ThirdDetailViewController.h */,
				EEAB1A4913B43489003E83BE /* ThirdDetailViewController.m */,
			);
			path = Classes;
			sourceTree = "<group>";
		};
		19C28FACFE9D520D11CA2CBB /* Products */ = {
			isa = PBXGroup;
			children = (
				1D6058910D05DD3D006BFB54 /* MultipleDetailViews.app */,
			);
			name = Products;
			sourceTree = "<group>";
		};
		29B97314FDCFA39411CA2CEA /* CustomTemplate */ = {
			isa = PBXGroup;
			children = (
				28AA66DE115C16850003B21C /* ReadMe.txt */,
				080E96DDFE201D6D7F000001 /* Classes */,
				29B97315FDCFA39411CA2CEA /* Other Sources */,
				29B97317FDCFA39411CA2CEA /* Resources */,
				29B97323FDCFA39411CA2CEA /* Frameworks */,
				19C28FACFE9D520D11CA2CBB /* Products */,
			);
			name = CustomTemplate;
			sourceTree = "<group>";
		};
		29B97315FDCFA39411CA2CEA /* Other Sources */ = {
			isa = PBXGroup;
			children = (
				32CA4F630368D1EE00C91783 /* MultipleDetailViews_Prefix.pch */,
				29B97316FDCFA39411CA2CEA /* main.m */,
			);
			name = "Other Sources";
			sourceTree = "<group>";
		};
		29B97317FDCFA39411CA2CEA /* Resources */ = {
			isa = PBXGroup;
			children = (
				E4E9224314580FB400C5DD55 /* 3_1.png */,
				E4E9224414580FB400C5DD55 /* 3_2.png */,
				E4E9224514580FB400C5DD55 /* 3_3.png */,
				E4E9223D14580C0E00C5DD55 /* 2_4.png */,
				E4E9223E14580C0E00C5DD55 /* 2_5.png */,
				E4E9223B145805F300C5DD55 /* 2_3.png */,
				E4E92239145801EF00C5DD55 /* 2_2.png */,
				E4E922371457FE3E00C5DD55 /* 2_1.png */,
				E4E922301457C3A900C5DD55 /* 1_2.png */,
				E42C4B2E145699FF007E49B8 /* 1_1.png */,
				E467840F13EFB67600984890 /* John Q.jpg */,
				E467841013EFB67600984890 /* Remember the Titans.jpg */,
				E467841113EFB67600984890 /* Training Day.jpg */,
				E4F7DFA313EBDB7100051172 /* HomePage-001.jpg */,
				EECBB76B13B9BFDA00DFDF10 /* apple.jpeg */,
				EE7E47A613B47DD800487ED0 /* Movies.plist */,
				EEAB1A4A13B43489003E83BE /* ThirdDetailViewController.xib */,
				EE79237A13B2F48A001D0E49 /* FirstDetailView.xib */,
				EE79237B13B2F48A001D0E49 /* MainWindow.xib */,
				EE79237C13B2F48A001D0E49 /* SecondDetailView.xib */,
				EE0F019A13B1B88400A35829 /* FirstView.xib */,
				8D1107310486CEB800E47090 /* MultipleDetailViews-Info.plist */,
				E4E922351457FD9B00C5DD55 /* Theater.plist */,
				E4E9224114580E5300C5DD55 /* Ticket.plist */,
			);
			name = Resources;
			sourceTree = "<group>";
		};
		29B97323FDCFA39411CA2CEA /* Frameworks */ = {
			isa = PBXGroup;
			children = (
				EEC39AEF13BC739100E4427B /* CFNetwork.framework */,
				1DF5F4DF0D08C38300B7A737 /* UIKit.framework */,
				1D30AB110D05D00D00671497 /* Foundation.framework */,
				288765FC0DF74451002DB57D /* CoreGraphics.framework */,
			);
			name = Frameworks;
			sourceTree = "<group>";
		};
/* End PBXGroup section */

/* Begin PBXNativeTarget section */
		1D6058900D05DD3D006BFB54 /* MultipleDetailViews */ = {
			isa = PBXNativeTarget;
			buildConfigurationList = 1D6058960D05DD3E006BFB54 /* Build configuration list for PBXNativeTarget "MultipleDetailViews" */;
			buildPhases = (
				1D60588D0D05DD3D006BFB54 /* Resources */,
				1D60588E0D05DD3D006BFB54 /* Sources */,
				1D60588F0D05DD3D006BFB54 /* Frameworks */,
			);
			buildRules = (
			);
			dependencies = (
			);
			name = MultipleDetailViews;
			productName = MultipleDetailViews;
			productReference = 1D6058910D05DD3D006BFB54 /* MultipleDetailViews.app */;
			productType = "com.apple.product-type.application";
		};
/* End PBXNativeTarget section */

/* Begin PBXProject section */
		29B97313FDCFA39411CA2CEA /* Project object */ = {
			isa = PBXProject;
			buildConfigurationList = C01FCF4E08A954540054247B /* Build configuration list for PBXProject "MultipleDetailViews" */;
			compatibilityVersion = "Xcode 3.1";
			developmentRegion = English;
			hasScannedForEncodings = 1;
			knownRegions = (
				English,
				Japanese,
				French,
				German,
				en,
			);
			mainGroup = 29B97314FDCFA39411CA2CEA /* CustomTemplate */;
			projectDirPath = "";
			projectRoot = "";
			targets = (
				1D6058900D05DD3D006BFB54 /* MultipleDetailViews */,
			);
		};
/* End PBXProject section */

/* Begin PBXResourcesBuildPhase section */
		1D60588D0D05DD3D006BFB54 /* Resources */ = {
			isa = PBXResourcesBuildPhase;
			buildActionMask = 2147483647;
			files = (
				28AA66DF115C16850003B21C /* ReadMe.txt in Resources */,
				EE0F019C13B1B88400A35829 /* FirstView.xib in Resources */,
				EE79237D13B2F48A001D0E49 /* FirstDetailView.xib in Resources */,
				EE79237E13B2F48A001D0E49 /* MainWindow.xib in Resources */,
				EE79237F13B2F48A001D0E49 /* SecondDetailView.xib in Resources */,
				EEAB1A4C13B43489003E83BE /* ThirdDetailViewController.xib in Resources */,
				EE7E47A713B47DD800487ED0 /* Movies.plist in Resources */,
				EECBB76C13B9BFDA00DFDF10 /* apple.jpeg in Resources */,
				E4F7DFA413EBDB7100051172 /* HomePage-001.jpg in Resources */,
				E467841213EFB67600984890 /* John Q.jpg in Resources */,
				E467841313EFB67600984890 /* Remember the Titans.jpg in Resources */,
				E467841413EFB67600984890 /* Training Day.jpg in Resources */,
				E42C4B2F145699FF007E49B8 /* 1_1.png in Resources */,
				E4E922311457C3A900C5DD55 /* 1_2.png in Resources */,
				E4E922361457FD9B00C5DD55 /* Theater.plist in Resources */,
				E4E922381457FE3E00C5DD55 /* 2_1.png in Resources */,
				E4E9223A145801EF00C5DD55 /* 2_2.png in Resources */,
				E4E9223C145805F300C5DD55 /* 2_3.png in Resources */,
				E4E9223F14580C0F00C5DD55 /* 2_4.png in Resources */,
				E4E9224014580C0F00C5DD55 /* 2_5.png in Resources */,
				E4E9224214580E5300C5DD55 /* Ticket.plist in Resources */,
				E4E9224614580FB500C5DD55 /* 3_1.png in Resources */,
				E4E9224714580FB500C5DD55 /* 3_2.png in Resources */,
				E4E9224814580FB500C5DD55 /* 3_3.png in Resources */,
			);
			runOnlyForDeploymentPostprocessing = 0;
		};
/* End PBXResourcesBuildPhase section */

/* Begin PBXSourcesBuildPhase section */
		1D60588E0D05DD3D006BFB54 /* Sources */ = {
			isa = PBXSourcesBuildPhase;
			buildActionMask = 2147483647;
			files = (
				1D60589B0D05DD56006BFB54 /* main.m in Sources */,
				28AA66DA115C16800003B21C /* AppDelegate.m in Sources */,
				28AA66DB115C16800003B21C /* FirstDetailViewController.m in Sources */,
				28AA66DC115C16800003B21C /* RootViewController.m in Sources */,
				28AA66DD115C16800003B21C /* SecondDetailViewController.m in Sources */,
				EE0F019B13B1B88400A35829 /* FirstView.m in Sources */,
				EEAB1A4B13B43489003E83BE /* ThirdDetailViewController.m in Sources */,
				EE7E47A213B474A000487ED0 /* FilesHandlingViewController.m in Sources */,
				EEC39AF313BC74AB00E4427B /* GCDAsyncSocket.m in Sources */,
			);
			runOnlyForDeploymentPostprocessing = 0;
		};
/* End PBXSourcesBuildPhase section */

/* Begin XCBuildConfiguration section */
		1D6058940D05DD3E006BFB54 /* Debug */ = {
			isa = XCBuildConfiguration;
			buildSettings = {
				ALWAYS_SEARCH_USER_PATHS = NO;
				COPY_PHASE_STRIP = NO;
				FRAMEWORK_SEARCH_PATHS = (
					"$(inherited)",
					"\"$(SRCROOT)\"",
				);
				GCC_DYNAMIC_NO_PIC = NO;
				GCC_OPTIMIZATION_LEVEL = 0;
				GCC_PRECOMPILE_PREFIX_HEADER = YES;
				GCC_PREFIX_HEADER = MultipleDetailViews_Prefix.pch;
				INFOPLIST_FILE = "MultipleDetailViews-Info.plist";
				IPHONEOS_DEPLOYMENT_TARGET = 4.2;
				PRODUCT_NAME = MultipleDetailViews;
				SDKROOT = iphoneos;
			};
			name = Debug;
		};
		1D6058950D05DD3E006BFB54 /* Release */ = {
			isa = XCBuildConfiguration;
			buildSettings = {
				ALWAYS_SEARCH_USER_PATHS = NO;
				COPY_PHASE_STRIP = YES;
				FRAMEWORK_SEARCH_PATHS = (
					"$(inherited)",
					"\"$(SRCROOT)\"",
				);
				GCC_PRECOMPILE_PREFIX_HEADER = YES;
				GCC_PREFIX_HEADER = MultipleDetailViews_Prefix.pch;
				INFOPLIST_FILE = "MultipleDetailViews-Info.plist";
				IPHONEOS_DEPLOYMENT_TARGET = 4.2;
				PRODUCT_NAME = MultipleDetailViews;
				SDKROOT = iphoneos;
				VALIDATE_PRODUCT = YES;
			};
			name = Release;
		};
		C01FCF4F08A954540054247B /* Debug */ = {
			isa = XCBuildConfiguration;
			buildSettings = {
				"ARCHS[sdk=iphoneos*]" = armv7;
				"ARCHS[sdk=iphonesimulator*]" = i386;
				"CODE_SIGN_IDENTITY[sdk=iphoneos*]" = "iPhone Developer";
				GCC_C_LANGUAGE_STANDARD = c99;
				GCC_WARN_ABOUT_RETURN_TYPE = YES;
				GCC_WARN_UNUSED_VARIABLE = YES;
				PREBINDING = NO;
				SDKROOT = iphoneos;
				TARGETED_DEVICE_FAMILY = 2;
			};
			name = Debug;
		};
		C01FCF5008A954540054247B /* Release */ = {
			isa = XCBuildConfiguration;
			buildSettings = {
				"ARCHS[sdk=iphoneos*]" = armv7;
				"ARCHS[sdk=iphonesimulator*]" = i386;
				"CODE_SIGN_IDENTITY[sdk=iphoneos*]" = "iPhone Developer";
				GCC_C_LANGUAGE_STANDARD = c99;
				GCC_WARN_ABOUT_RETURN_TYPE = YES;
				GCC_WARN_UNUSED_VARIABLE = YES;
				OTHER_CFLAGS = "-DNS_BLOCK_ASSERTIONS=1";
				PREBINDING = NO;
				SDKROOT = iphoneos;
				TARGETED_DEVICE_FAMILY = 2;
			};
			name = Release;
		};
/* End XCBuildConfiguration section */

/* Begin XCConfigurationList section */
		1D6058960D05DD3E006BFB54 /* Build configuration list for PBXNativeTarget "MultipleDetailViews" */ = {
			isa = XCConfigurationList;
			buildConfigurations = (
				1D6058940D05DD3E006BFB54 /* Debug */,
				1D6058950D05DD3E006BFB54 /* Release */,
			);
			defaultConfigurationIsVisible = 0;
			defaultConfigurationName = Release;
		};
		C01FCF4E08A954540054247B /* Build configuration list for PBXProject "MultipleDetailViews" */ = {
			isa = XCConfigurationList;
			buildConfigurations = (
				C01FCF4F08A954540054247B /* Debug */,
				C01FCF5008A954540054247B /* Release */,
			);
			defaultConfigurationIsVisible = 0;
			defaultConfigurationName = Release;
		};
/* End XCConfigurationList section */
	};
	rootObject = 29B97313FDCFA39411CA2CEA /* Project object */;
}
