// !$*UTF8*$!
{
	archiveVersion = 1;
	classes = {
	};
	objectVersion = 46;
	objects = {

/* Begin PBXBuildFile section */
		04912D7D15B8137D0091C9E5 /* 3_4.png in Resources */ = {isa = PBXBuildFile; fileRef = 04912D7A15B8137C0091C9E5 /* 3_4.png */; };
		04912D7F15B8137D0091C9E5 /* 1_5.png in Resources */ = {isa = PBXBuildFile; fileRef = 04912D7C15B8137D0091C9E5 /* 1_5.png */; };
		04912D8215B814F80091C9E5 /* 2_7.png in Resources */ = {isa = PBXBuildFile; fileRef = 04912D8115B814F80091C9E5 /* 2_7.png */; };
		04E9B8D714C9603A00576A16 /* UIKit.framework in Frameworks */ = {isa = PBXBuildFile; fileRef = 04E9B8D614C9603A00576A16 /* UIKit.framework */; };
		04E9B8D914C9603A00576A16 /* Foundation.framework in Frameworks */ = {isa = PBXBuildFile; fileRef = 04E9B8D814C9603A00576A16 /* Foundation.framework */; };
		04E9B8DB14C9603B00576A16 /* CoreGraphics.framework in Frameworks */ = {isa = PBXBuildFile; fileRef = 04E9B8DA14C9603A00576A16 /* CoreGraphics.framework */; };
		04E9B90214C9608200576A16 /* ReadMe.txt in Resources */ = {isa = PBXBuildFile; fileRef = 04E9B90114C9608200576A16 /* ReadMe.txt */; };
		04E9B91F14C960EF00576A16 /* main.m in Sources */ = {isa = PBXBuildFile; fileRef = 04E9B91E14C960EF00576A16 /* main.m */; };
		04E9B94014C9617600576A16 /* Kalimba.mp3 in Resources */ = {isa = PBXBuildFile; fileRef = 04E9B92114C9617600576A16 /* Kalimba.mp3 */; };
		04E9B94114C9617600576A16 /* 1_3.png in Resources */ = {isa = PBXBuildFile; fileRef = 04E9B92214C9617600576A16 /* 1_3.png */; };
		04E9B94214C9617600576A16 /* 0_1.html in Resources */ = {isa = PBXBuildFile; fileRef = 04E9B92314C9617600576A16 /* 0_1.html */; };
		04E9B94314C9617600576A16 /* 0_2.html in Resources */ = {isa = PBXBuildFile; fileRef = 04E9B92414C9617600576A16 /* 0_2.html */; };
		04E9B94414C9617600576A16 /* 0_3.html in Resources */ = {isa = PBXBuildFile; fileRef = 04E9B92514C9617600576A16 /* 0_3.html */; };
		04E9B94514C9617600576A16 /* s_1.mp4 in Resources */ = {isa = PBXBuildFile; fileRef = 04E9B92614C9617600576A16 /* s_1.mp4 */; };
		04E9B94614C9617600576A16 /* s_2.mp4 in Resources */ = {isa = PBXBuildFile; fileRef = 04E9B92714C9617600576A16 /* s_2.mp4 */; };
		04E9B94714C9617600576A16 /* 2_6.png in Resources */ = {isa = PBXBuildFile; fileRef = 04E9B92814C9617600576A16 /* 2_6.png */; };
		04E9B94814C9617600576A16 /* s_3.mp4 in Resources */ = {isa = PBXBuildFile; fileRef = 04E9B92914C9617600576A16 /* s_3.mp4 */; };
		04E9B94914C9617600576A16 /* HomeIcon.jpg in Resources */ = {isa = PBXBuildFile; fileRef = 04E9B92A14C9617600576A16 /* HomeIcon.jpg */; };
		04E9B94A14C9617600576A16 /* 3_1.png in Resources */ = {isa = PBXBuildFile; fileRef = 04E9B92B14C9617600576A16 /* 3_1.png */; };
		04E9B94B14C9617600576A16 /* 3_2.png in Resources */ = {isa = PBXBuildFile; fileRef = 04E9B92C14C9617600576A16 /* 3_2.png */; };
		04E9B94C14C9617600576A16 /* 3_3.png in Resources */ = {isa = PBXBuildFile; fileRef = 04E9B92D14C9617600576A16 /* 3_3.png */; };
		04E9B94D14C9617600576A16 /* 2_4.png in Resources */ = {isa = PBXBuildFile; fileRef = 04E9B92E14C9617600576A16 /* 2_4.png */; };
		04E9B94E14C9617600576A16 /* 2_5.png in Resources */ = {isa = PBXBuildFile; fileRef = 04E9B92F14C9617600576A16 /* 2_5.png */; };
		04E9B94F14C9617600576A16 /* 2_3.png in Resources */ = {isa = PBXBuildFile; fileRef = 04E9B93014C9617600576A16 /* 2_3.png */; };
		04E9B95014C9617600576A16 /* 1_4.png in Resources */ = {isa = PBXBuildFile; fileRef = 04E9B93114C9617600576A16 /* 1_4.png */; };
		04E9B95114C9617600576A16 /* 2_2.png in Resources */ = {isa = PBXBuildFile; fileRef = 04E9B93214C9617600576A16 /* 2_2.png */; };
		04E9B95214C9617600576A16 /* 2_1.png in Resources */ = {isa = PBXBuildFile; fileRef = 04E9B93314C9617600576A16 /* 2_1.png */; };
		04E9B95314C9617600576A16 /* 1_2.png in Resources */ = {isa = PBXBuildFile; fileRef = 04E9B93414C9617600576A16 /* 1_2.png */; };
		04E9B95414C9617600576A16 /* 1_1.png in Resources */ = {isa = PBXBuildFile; fileRef = 04E9B93514C9617600576A16 /* 1_1.png */; };
		04E9B95514C9617600576A16 /* HomePage-001.jpg in Resources */ = {isa = PBXBuildFile; fileRef = 04E9B93614C9617600576A16 /* HomePage-001.jpg */; };
		04E9B95614C9617600576A16 /* apple.jpeg in Resources */ = {isa = PBXBuildFile; fileRef = 04E9B93714C9617600576A16 /* apple.jpeg */; };
		04E9B95714C9617600576A16 /* Movies.plist in Resources */ = {isa = PBXBuildFile; fileRef = 04E9B93814C9617600576A16 /* Movies.plist */; };
		04E9B95C14C9617600576A16 /* MultipleDetailViews-Info.plist in Resources */ = {isa = PBXBuildFile; fileRef = 04E9B93D14C9617600576A16 /* MultipleDetailViews-Info.plist */; };
		04E9B95D14C9617600576A16 /* Theater.plist in Resources */ = {isa = PBXBuildFile; fileRef = 04E9B93E14C9617600576A16 /* Theater.plist */; };
		04E9B95E14C9617600576A16 /* Ticket.plist in Resources */ = {isa = PBXBuildFile; fileRef = 04E9B93F14C9617600576A16 /* Ticket.plist */; };
		04E9B96214C9618E00576A16 /* AVFoundation.framework in Frameworks */ = {isa = PBXBuildFile; fileRef = 04E9B95F14C9618E00576A16 /* AVFoundation.framework */; };
		04E9B96314C9618E00576A16 /* MediaPlayer.framework in Frameworks */ = {isa = PBXBuildFile; fileRef = 04E9B96014C9618E00576A16 /* MediaPlayer.framework */; };
		04E9B96414C9618E00576A16 /* CFNetwork.framework in Frameworks */ = {isa = PBXBuildFile; fileRef = 04E9B96114C9618E00576A16 /* CFNetwork.framework */; };
		04E9B99514C9646900576A16 /* AppDelegate.m in Sources */ = {isa = PBXBuildFile; fileRef = 04E9B98D14C9646900576A16 /* AppDelegate.m */; };
		04E9B99614C9646900576A16 /* FilesHandlingViewController.m in Sources */ = {isa = PBXBuildFile; fileRef = 04E9B98E14C9646900576A16 /* FilesHandlingViewController.m */; };
		04E9B99714C9646900576A16 /* FirstDetailViewController.m in Sources */ = {isa = PBXBuildFile; fileRef = 04E9B98F14C9646900576A16 /* FirstDetailViewController.m */; };
		04E9B99814C9646900576A16 /* GCDAsyncSocket.m in Sources */ = {isa = PBXBuildFile; fileRef = 04E9B99014C9646900576A16 /* GCDAsyncSocket.m */; };
		04E9B99914C9646900576A16 /* RootViewController.m in Sources */ = {isa = PBXBuildFile; fileRef = 04E9B99114C9646900576A16 /* RootViewController.m */; };
		04E9B99A14C9646900576A16 /* SecondDetailViewController.m in Sources */ = {isa = PBXBuildFile; fileRef = 04E9B99214C9646900576A16 /* SecondDetailViewController.m */; };
		04E9B99B14C9646900576A16 /* TapDetectingImageView.m in Sources */ = {isa = PBXBuildFile; fileRef = 04E9B99314C9646900576A16 /* TapDetectingImageView.m */; };
		04E9B99C14C9646900576A16 /* ThirdDetailViewController.m in Sources */ = {isa = PBXBuildFile; fileRef = 04E9B99414C9646900576A16 /* ThirdDetailViewController.m */; };
		04E9B9A214C9649A00576A16 /* FirstDetailView.xib in Resources */ = {isa = PBXBuildFile; fileRef = 04E9B99E14C9649A00576A16 /* FirstDetailView.xib */; };
		04E9B9A314C9649A00576A16 /* MainWindow.xib in Resources */ = {isa = PBXBuildFile; fileRef = 04E9B99F14C9649A00576A16 /* MainWindow.xib */; };
		04E9B9A414C9649A00576A16 /* SecondDetailView.xib in Resources */ = {isa = PBXBuildFile; fileRef = 04E9B9A014C9649A00576A16 /* SecondDetailView.xib */; };
		04E9B9A514C9649A00576A16 /* ThirdDetailViewController.xib in Resources */ = {isa = PBXBuildFile; fileRef = 04E9B9A114C9649A00576A16 /* ThirdDetailViewController.xib */; };
/* End PBXBuildFile section */

/* Begin PBXFileReference section */
		04912D7A15B8137C0091C9E5 /* 3_4.png */ = {isa = PBXFileReference; lastKnownFileType = image.png; path = 3_4.png; sourceTree = "<group>"; };
		04912D7C15B8137D0091C9E5 /* 1_5.png */ = {isa = PBXFileReference; lastKnownFileType = image.png; path = 1_5.png; sourceTree = "<group>"; };
		04912D8115B814F80091C9E5 /* 2_7.png */ = {isa = PBXFileReference; lastKnownFileType = image.png; path = 2_7.png; sourceTree = "<group>"; };
		04E9B8D214C9603A00576A16 /* MultipleDetailViews.app */ = {isa = PBXFileReference; explicitFileType = wrapper.application; includeInIndex = 0; path = MultipleDetailViews.app; sourceTree = BUILT_PRODUCTS_DIR; };
		04E9B8D614C9603A00576A16 /* UIKit.framework */ = {isa = PBXFileReference; lastKnownFileType = wrapper.framework; name = UIKit.framework; path = System/Library/Frameworks/UIKit.framework; sourceTree = SDKROOT; };
		04E9B8D814C9603A00576A16 /* Foundation.framework */ = {isa = PBXFileReference; lastKnownFileType = wrapper.framework; name = Foundation.framework; path = System/Library/Frameworks/Foundation.framework; sourceTree = SDKROOT; };
		04E9B8DA14C9603A00576A16 /* CoreGraphics.framework */ = {isa = PBXFileReference; lastKnownFileType = wrapper.framework; name = CoreGraphics.framework; path = System/Library/Frameworks/CoreGraphics.framework; sourceTree = SDKROOT; };
		04E9B90114C9608200576A16 /* ReadMe.txt */ = {isa = PBXFileReference; fileEncoding = 4; lastKnownFileType = text; path = ReadMe.txt; sourceTree = "<group>"; };
		04E9B91D14C960EF00576A16 /* MultipleDetailViews_Prefix.pch */ = {isa = PBXFileReference; fileEncoding = 4; lastKnownFileType = sourcecode.c.h; path = MultipleDetailViews_Prefix.pch; sourceTree = "<group>"; };
		04E9B91E14C960EF00576A16 /* main.m */ = {isa = PBXFileReference; fileEncoding = 4; lastKnownFileType = sourcecode.c.objc; path = main.m; sourceTree = "<group>"; };
		04E9B92114C9617600576A16 /* Kalimba.mp3 */ = {isa = PBXFileReference; lastKnownFileType = audio.mp3; path = Kalimba.mp3; sourceTree = "<group>"; };
		04E9B92214C9617600576A16 /* 1_3.png */ = {isa = PBXFileReference; lastKnownFileType = image.png; path = 1_3.png; sourceTree = "<group>"; };
		04E9B92314C9617600576A16 /* 0_1.html */ = {isa = PBXFileReference; fileEncoding = 4; lastKnownFileType = text.html; path = 0_1.html; sourceTree = "<group>"; };
		04E9B92414C9617600576A16 /* 0_2.html */ = {isa = PBXFileReference; fileEncoding = 4; lastKnownFileType = text.html; path = 0_2.html; sourceTree = "<group>"; };
		04E9B92514C9617600576A16 /* 0_3.html */ = {isa = PBXFileReference; fileEncoding = 4; lastKnownFileType = text.html; path = 0_3.html; sourceTree = "<group>"; };
		04E9B92614C9617600576A16 /* s_1.mp4 */ = {isa = PBXFileReference; lastKnownFileType = file; path = s_1.mp4; sourceTree = "<group>"; };
		04E9B92714C9617600576A16 /* s_2.mp4 */ = {isa = PBXFileReference; lastKnownFileType = file; path = s_2.mp4; sourceTree = "<group>"; };
		04E9B92814C9617600576A16 /* 2_6.png */ = {isa = PBXFileReference; lastKnownFileType = image.png; path = 2_6.png; sourceTree = "<group>"; };
		04E9B92914C9617600576A16 /* s_3.mp4 */ = {isa = PBXFileReference; lastKnownFileType = file; path = s_3.mp4; sourceTree = "<group>"; };
		04E9B92A14C9617600576A16 /* HomeIcon.jpg */ = {isa = PBXFileReference; lastKnownFileType = image.jpeg; path = HomeIcon.jpg; sourceTree = "<group>"; };
		04E9B92B14C9617600576A16 /* 3_1.png */ = {isa = PBXFileReference; lastKnownFileType = image.png; path = 3_1.png; sourceTree = "<group>"; };
		04E9B92C14C9617600576A16 /* 3_2.png */ = {isa = PBXFileReference; lastKnownFileType = image.png; path = 3_2.png; sourceTree = "<group>"; };
		04E9B92D14C9617600576A16 /* 3_3.png */ = {isa = PBXFileReference; lastKnownFileType = image.png; path = 3_3.png; sourceTree = "<group>"; };
		04E9B92E14C9617600576A16 /* 2_4.png */ = {isa = PBXFileReference; lastKnownFileType = image.png; path = 2_4.png; sourceTree = "<group>"; };
		04E9B92F14C9617600576A16 /* 2_5.png */ = {isa = PBXFileReference; lastKnownFileType = image.png; path = 2_5.png; sourceTree = "<group>"; };
		04E9B93014C9617600576A16 /* 2_3.png */ = {isa = PBXFileReference; lastKnownFileType = image.png; path = 2_3.png; sourceTree = "<group>"; };
		04E9B93114C9617600576A16 /* 1_4.png */ = {isa = PBXFileReference; lastKnownFileType = image.png; path = 1_4.png; sourceTree = "<group>"; };
		04E9B93214C9617600576A16 /* 2_2.png */ = {isa = PBXFileReference; lastKnownFileType = image.png; path = 2_2.png; sourceTree = "<group>"; };
		04E9B93314C9617600576A16 /* 2_1.png */ = {isa = PBXFileReference; lastKnownFileType = image.png; path = 2_1.png; sourceTree = "<group>"; };
		04E9B93414C9617600576A16 /* 1_2.png */ = {isa = PBXFileReference; lastKnownFileType = image.png; path = 1_2.png; sourceTree = "<group>"; };
		04E9B93514C9617600576A16 /* 1_1.png */ = {isa = PBXFileReference; lastKnownFileType = image.png; path = 1_1.png; sourceTree = "<group>"; };
		04E9B93614C9617600576A16 /* HomePage-001.jpg */ = {isa = PBXFileReference; lastKnownFileType = image.jpeg; path = "HomePage-001.jpg"; sourceTree = "<group>"; };
		04E9B93714C9617600576A16 /* apple.jpeg */ = {isa = PBXFileReference; lastKnownFileType = image.jpeg; path = apple.jpeg; sourceTree = "<group>"; };
		04E9B93814C9617600576A16 /* Movies.plist */ = {isa = PBXFileReference; fileEncoding = 4; lastKnownFileType = text.plist.xml; path = Movies.plist; sourceTree = "<group>"; };
		04E9B93D14C9617600576A16 /* MultipleDetailViews-Info.plist */ = {isa = PBXFileReference; fileEncoding = 4; lastKnownFileType = text.plist.xml; path = "MultipleDetailViews-Info.plist"; sourceTree = "<group>"; };
		04E9B93E14C9617600576A16 /* Theater.plist */ = {isa = PBXFileReference; fileEncoding = 4; lastKnownFileType = text.plist.xml; path = Theater.plist; sourceTree = "<group>"; };
		04E9B93F14C9617600576A16 /* Ticket.plist */ = {isa = PBXFileReference; fileEncoding = 4; lastKnownFileType = text.plist.xml; path = Ticket.plist; sourceTree = "<group>"; };
		04E9B95F14C9618E00576A16 /* AVFoundation.framework */ = {isa = PBXFileReference; lastKnownFileType = wrapper.framework; path = AVFoundation.framework; sourceTree = "<group>"; };
		04E9B96014C9618E00576A16 /* MediaPlayer.framework */ = {isa = PBXFileReference; lastKnownFileType = wrapper.framework; path = MediaPlayer.framework; sourceTree = "<group>"; };
		04E9B96114C9618E00576A16 /* CFNetwork.framework */ = {isa = PBXFileReference; lastKnownFileType = wrapper.framework; path = CFNetwork.framework; sourceTree = "<group>"; };
		04E9B98514C9646900576A16 /* AppDelegate.h */ = {isa = PBXFileReference; fileEncoding = 4; lastKnownFileType = sourcecode.c.h; name = AppDelegate.h; path = Classes/AppDelegate.h; sourceTree = "<group>"; };
		04E9B98614C9646900576A16 /* FilesHandlingViewController.h */ = {isa = PBXFileReference; fileEncoding = 4; lastKnownFileType = sourcecode.c.h; name = FilesHandlingViewController.h; path = Classes/FilesHandlingViewController.h; sourceTree = "<group>"; };
		04E9B98714C9646900576A16 /* FirstDetailViewController.h */ = {isa = PBXFileReference; fileEncoding = 4; lastKnownFileType = sourcecode.c.h; name = FirstDetailViewController.h; path = Classes/FirstDetailViewController.h; sourceTree = "<group>"; };
		04E9B98814C9646900576A16 /* GCDAsyncSocket.h */ = {isa = PBXFileReference; fileEncoding = 4; lastKnownFileType = sourcecode.c.h; name = GCDAsyncSocket.h; path = Classes/GCDAsyncSocket.h; sourceTree = "<group>"; };
		04E9B98914C9646900576A16 /* RootViewController.h */ = {isa = PBXFileReference; fileEncoding = 4; lastKnownFileType = sourcecode.c.h; name = RootViewController.h; path = Classes/RootViewController.h; sourceTree = "<group>"; };
		04E9B98A14C9646900576A16 /* SecondDetailViewController.h */ = {isa = PBXFileReference; fileEncoding = 4; lastKnownFileType = sourcecode.c.h; name = SecondDetailViewController.h; path = Classes/SecondDetailViewController.h; sourceTree = "<group>"; };
		04E9B98B14C9646900576A16 /* TapDetectingImageView.h */ = {isa = PBXFileReference; fileEncoding = 4; lastKnownFileType = sourcecode.c.h; name = TapDetectingImageView.h; path = Classes/TapDetectingImageView.h; sourceTree = "<group>"; };
		04E9B98C14C9646900576A16 /* ThirdDetailViewController.h */ = {isa = PBXFileReference; fileEncoding = 4; lastKnownFileType = sourcecode.c.h; name = ThirdDetailViewController.h; path = Classes/ThirdDetailViewController.h; sourceTree = "<group>"; };
		04E9B98D14C9646900576A16 /* AppDelegate.m */ = {isa = PBXFileReference; fileEncoding = 4; lastKnownFileType = sourcecode.c.objc; name = AppDelegate.m; path = Classes/AppDelegate.m; sourceTree = "<group>"; };
		04E9B98E14C9646900576A16 /* FilesHandlingViewController.m */ = {isa = PBXFileReference; fileEncoding = 4; lastKnownFileType = sourcecode.c.objc; name = FilesHandlingViewController.m; path = Classes/FilesHandlingViewController.m; sourceTree = "<group>"; };
		04E9B98F14C9646900576A16 /* FirstDetailViewController.m */ = {isa = PBXFileReference; fileEncoding = 4; lastKnownFileType = sourcecode.c.objc; name = FirstDetailViewController.m; path = Classes/FirstDetailViewController.m; sourceTree = "<group>"; };
		04E9B99014C9646900576A16 /* GCDAsyncSocket.m */ = {isa = PBXFileReference; fileEncoding = 4; lastKnownFileType = sourcecode.c.objc; name = GCDAsyncSocket.m; path = Classes/GCDAsyncSocket.m; sourceTree = "<group>"; };
		04E9B99114C9646900576A16 /* RootViewController.m */ = {isa = PBXFileReference; fileEncoding = 4; lastKnownFileType = sourcecode.c.objc; name = RootViewController.m; path = Classes/RootViewController.m; sourceTree = "<group>"; };
		04E9B99214C9646900576A16 /* SecondDetailViewController.m */ = {isa = PBXFileReference; fileEncoding = 4; lastKnownFileType = sourcecode.c.objc; name = SecondDetailViewController.m; path = Classes/SecondDetailViewController.m; sourceTree = "<group>"; };
		04E9B99314C9646900576A16 /* TapDetectingImageView.m */ = {isa = PBXFileReference; fileEncoding = 4; lastKnownFileType = sourcecode.c.objc; name = TapDetectingImageView.m; path = Classes/TapDetectingImageView.m; sourceTree = "<group>"; };
		04E9B99414C9646900576A16 /* ThirdDetailViewController.m */ = {isa = PBXFileReference; fileEncoding = 4; lastKnownFileType = sourcecode.c.objc; name = ThirdDetailViewController.m; path = Classes/ThirdDetailViewController.m; sourceTree = "<group>"; };
		04E9B99E14C9649A00576A16 /* FirstDetailView.xib */ = {isa = PBXFileReference; fileEncoding = 4; lastKnownFileType = file.xib; name = FirstDetailView.xib; path = Classes/FirstDetailView.xib; sourceTree = "<group>"; };
		04E9B99F14C9649A00576A16 /* MainWindow.xib */ = {isa = PBXFileReference; fileEncoding = 4; lastKnownFileType = file.xib; name = MainWindow.xib; path = Classes/MainWindow.xib; sourceTree = "<group>"; };
		04E9B9A014C9649A00576A16 /* SecondDetailView.xib */ = {isa = PBXFileReference; fileEncoding = 4; lastKnownFileType = file.xib; name = SecondDetailView.xib; path = Classes/SecondDetailView.xib; sourceTree = "<group>"; };
		04E9B9A114C9649A00576A16 /* ThirdDetailViewController.xib */ = {isa = PBXFileReference; fileEncoding = 4; lastKnownFileType = file.xib; name = ThirdDetailViewController.xib; path = Classes/ThirdDetailViewController.xib; sourceTree = "<group>"; };
/* End PBXFileReference section */

/* Begin PBXFrameworksBuildPhase section */
		04E9B8CF14C9603A00576A16 /* Frameworks */ = {
			isa = PBXFrameworksBuildPhase;
			buildActionMask = 2147483647;
			files = (
				04E9B8D714C9603A00576A16 /* UIKit.framework in Frameworks */,
				04E9B8D914C9603A00576A16 /* Foundation.framework in Frameworks */,
				04E9B8DB14C9603B00576A16 /* CoreGraphics.framework in Frameworks */,
				04E9B96214C9618E00576A16 /* AVFoundation.framework in Frameworks */,
				04E9B96314C9618E00576A16 /* MediaPlayer.framework in Frameworks */,
				04E9B96414C9618E00576A16 /* CFNetwork.framework in Frameworks */,
			);
			runOnlyForDeploymentPostprocessing = 0;
		};
/* End PBXFrameworksBuildPhase section */

/* Begin PBXGroup section */
		04E9B8C714C9603A00576A16 = {
			isa = PBXGroup;
			children = (
				04E9B90114C9608200576A16 /* ReadMe.txt */,
				04E9B90314C9609400576A16 /* Classes */,
				04E9B91C14C960BD00576A16 /* Other Sources */,
				04E9B92014C9610600576A16 /* Resources */,
				04E9B8D514C9603A00576A16 /* Frameworks */,
				04E9B8D314C9603A00576A16 /* Products */,
			);
			sourceTree = "<group>";
		};
		04E9B8D314C9603A00576A16 /* Products */ = {
			isa = PBXGroup;
			children = (
				04E9B8D214C9603A00576A16 /* MultipleDetailViews.app */,
			);
			name = Products;
			sourceTree = "<group>";
		};
		04E9B8D514C9603A00576A16 /* Frameworks */ = {
			isa = PBXGroup;
			children = (
				04E9B95F14C9618E00576A16 /* AVFoundation.framework */,
				04E9B96014C9618E00576A16 /* MediaPlayer.framework */,
				04E9B96114C9618E00576A16 /* CFNetwork.framework */,
				04E9B8D614C9603A00576A16 /* UIKit.framework */,
				04E9B8D814C9603A00576A16 /* Foundation.framework */,
				04E9B8DA14C9603A00576A16 /* CoreGraphics.framework */,
			);
			name = Frameworks;
			sourceTree = "<group>";
		};
		04E9B90314C9609400576A16 /* Classes */ = {
			isa = PBXGroup;
			children = (
				04E9B98514C9646900576A16 /* AppDelegate.h */,
				04E9B98614C9646900576A16 /* FilesHandlingViewController.h */,
				04E9B98714C9646900576A16 /* FirstDetailViewController.h */,
				04E9B98814C9646900576A16 /* GCDAsyncSocket.h */,
				04E9B98914C9646900576A16 /* RootViewController.h */,
				04E9B98A14C9646900576A16 /* SecondDetailViewController.h */,
				04E9B98B14C9646900576A16 /* TapDetectingImageView.h */,
				04E9B98C14C9646900576A16 /* ThirdDetailViewController.h */,
				04E9B98D14C9646900576A16 /* AppDelegate.m */,
				04E9B98E14C9646900576A16 /* FilesHandlingViewController.m */,
				04E9B98F14C9646900576A16 /* FirstDetailViewController.m */,
				04E9B99014C9646900576A16 /* GCDAsyncSocket.m */,
				04E9B99114C9646900576A16 /* RootViewController.m */,
				04E9B99214C9646900576A16 /* SecondDetailViewController.m */,
				04E9B99314C9646900576A16 /* TapDetectingImageView.m */,
				04E9B99414C9646900576A16 /* ThirdDetailViewController.m */,
			);
			name = Classes;
			sourceTree = "<group>";
		};
		04E9B91C14C960BD00576A16 /* Other Sources */ = {
			isa = PBXGroup;
			children = (
				04E9B91D14C960EF00576A16 /* MultipleDetailViews_Prefix.pch */,
				04E9B91E14C960EF00576A16 /* main.m */,
			);
			name = "Other Sources";
			sourceTree = "<group>";
		};
		04E9B92014C9610600576A16 /* Resources */ = {
			isa = PBXGroup;
			children = (
				04912D8115B814F80091C9E5 /* 2_7.png */,
				04912D7A15B8137C0091C9E5 /* 3_4.png */,
				04912D7C15B8137D0091C9E5 /* 1_5.png */,
				04E9B92114C9617600576A16 /* Kalimba.mp3 */,
				04E9B92214C9617600576A16 /* 1_3.png */,
				04E9B92314C9617600576A16 /* 0_1.html */,
				04E9B92414C9617600576A16 /* 0_2.html */,
				04E9B92514C9617600576A16 /* 0_3.html */,
				04E9B92614C9617600576A16 /* s_1.mp4 */,
				04E9B92714C9617600576A16 /* s_2.mp4 */,
				04E9B92814C9617600576A16 /* 2_6.png */,
				04E9B92914C9617600576A16 /* s_3.mp4 */,
				04E9B92A14C9617600576A16 /* HomeIcon.jpg */,
				04E9B92B14C9617600576A16 /* 3_1.png */,
				04E9B92C14C9617600576A16 /* 3_2.png */,
				04E9B92D14C9617600576A16 /* 3_3.png */,
				04E9B92E14C9617600576A16 /* 2_4.png */,
				04E9B92F14C9617600576A16 /* 2_5.png */,
				04E9B93014C9617600576A16 /* 2_3.png */,
				04E9B93114C9617600576A16 /* 1_4.png */,
				04E9B93214C9617600576A16 /* 2_2.png */,
				04E9B93314C9617600576A16 /* 2_1.png */,
				04E9B93414C9617600576A16 /* 1_2.png */,
				04E9B93514C9617600576A16 /* 1_1.png */,
				04E9B93614C9617600576A16 /* HomePage-001.jpg */,
				04E9B93714C9617600576A16 /* apple.jpeg */,
				04E9B93814C9617600576A16 /* Movies.plist */,
				04E9B93D14C9617600576A16 /* MultipleDetailViews-Info.plist */,
				04E9B93E14C9617600576A16 /* Theater.plist */,
				04E9B93F14C9617600576A16 /* Ticket.plist */,
				04E9B99E14C9649A00576A16 /* FirstDetailView.xib */,
				04E9B99F14C9649A00576A16 /* MainWindow.xib */,
				04E9B9A014C9649A00576A16 /* SecondDetailView.xib */,
				04E9B9A114C9649A00576A16 /* ThirdDetailViewController.xib */,
			);
			name = Resources;
			sourceTree = "<group>";
		};
/* End PBXGroup section */

/* Begin PBXNativeTarget section */
		04E9B8D114C9603A00576A16 /* MultipleDetailViews */ = {
			isa = PBXNativeTarget;
			buildConfigurationList = 04E9B8F614C9603B00576A16 /* Build configuration list for PBXNativeTarget "MultipleDetailViews" */;
			buildPhases = (
				04E9B8CE14C9603A00576A16 /* Sources */,
				04E9B8CF14C9603A00576A16 /* Frameworks */,
				04E9B8D014C9603A00576A16 /* Resources */,
			);
			buildRules = (
			);
			dependencies = (
			);
			name = MultipleDetailViews;
			productName = MultipleDetailViews;
			productReference = 04E9B8D214C9603A00576A16 /* MultipleDetailViews.app */;
			productType = "com.apple.product-type.application";
		};
/* End PBXNativeTarget section */

/* Begin PBXProject section */
		04E9B8C914C9603A00576A16 /* Project object */ = {
			isa = PBXProject;
			attributes = {
				LastUpgradeCheck = 0420;
			};
			buildConfigurationList = 04E9B8CC14C9603A00576A16 /* Build configuration list for PBXProject "MultipleDetailViews" */;
			compatibilityVersion = "Xcode 3.2";
			developmentRegion = English;
			hasScannedForEncodings = 0;
			knownRegions = (
				en,
			);
			mainGroup = 04E9B8C714C9603A00576A16;
			productRefGroup = 04E9B8D314C9603A00576A16 /* Products */;
			projectDirPath = "";
			projectRoot = "";
			targets = (
				04E9B8D114C9603A00576A16 /* MultipleDetailViews */,
			);
		};
/* End PBXProject section */

/* Begin PBXResourcesBuildPhase section */
		04E9B8D014C9603A00576A16 /* Resources */ = {
			isa = PBXResourcesBuildPhase;
			buildActionMask = 2147483647;
			files = (
				04E9B90214C9608200576A16 /* ReadMe.txt in Resources */,
				04E9B94014C9617600576A16 /* Kalimba.mp3 in Resources */,
				04E9B94114C9617600576A16 /* 1_3.png in Resources */,
				04E9B94214C9617600576A16 /* 0_1.html in Resources */,
				04E9B94314C9617600576A16 /* 0_2.html in Resources */,
				04E9B94414C9617600576A16 /* 0_3.html in Resources */,
				04E9B94514C9617600576A16 /* s_1.mp4 in Resources */,
				04E9B94614C9617600576A16 /* s_2.mp4 in Resources */,
				04E9B94714C9617600576A16 /* 2_6.png in Resources */,
				04E9B94814C9617600576A16 /* s_3.mp4 in Resources */,
				04E9B94914C9617600576A16 /* HomeIcon.jpg in Resources */,
				04E9B94A14C9617600576A16 /* 3_1.png in Resources */,
				04E9B94B14C9617600576A16 /* 3_2.png in Resources */,
				04E9B94C14C9617600576A16 /* 3_3.png in Resources */,
				04E9B94D14C9617600576A16 /* 2_4.png in Resources */,
				04E9B94E14C9617600576A16 /* 2_5.png in Resources */,
				04E9B94F14C9617600576A16 /* 2_3.png in Resources */,
				04E9B95014C9617600576A16 /* 1_4.png in Resources */,
				04E9B95114C9617600576A16 /* 2_2.png in Resources */,
				04E9B95214C9617600576A16 /* 2_1.png in Resources */,
				04E9B95314C9617600576A16 /* 1_2.png in Resources */,
				04E9B95414C9617600576A16 /* 1_1.png in Resources */,
				04E9B95514C9617600576A16 /* HomePage-001.jpg in Resources */,
				04E9B95614C9617600576A16 /* apple.jpeg in Resources */,
				04E9B95714C9617600576A16 /* Movies.plist in Resources */,
				04E9B95C14C9617600576A16 /* MultipleDetailViews-Info.plist in Resources */,
				04E9B95D14C9617600576A16 /* Theater.plist in Resources */,
				04E9B95E14C9617600576A16 /* Ticket.plist in Resources */,
				04E9B9A214C9649A00576A16 /* FirstDetailView.xib in Resources */,
				04E9B9A314C9649A00576A16 /* MainWindow.xib in Resources */,
				04E9B9A414C9649A00576A16 /* SecondDetailView.xib in Resources */,
				04E9B9A514C9649A00576A16 /* ThirdDetailViewController.xib in Resources */,
				04912D7D15B8137D0091C9E5 /* 3_4.png in Resources */,
				04912D7F15B8137D0091C9E5 /* 1_5.png in Resources */,
				04912D8215B814F80091C9E5 /* 2_7.png in Resources */,
			);
			runOnlyForDeploymentPostprocessing = 0;
		};
/* End PBXResourcesBuildPhase section */

/* Begin PBXSourcesBuildPhase section */
		04E9B8CE14C9603A00576A16 /* Sources */ = {
			isa = PBXSourcesBuildPhase;
			buildActionMask = 2147483647;
			files = (
				04E9B91F14C960EF00576A16 /* main.m in Sources */,
				04E9B99514C9646900576A16 /* AppDelegate.m in Sources */,
				04E9B99614C9646900576A16 /* FilesHandlingViewController.m in Sources */,
				04E9B99714C9646900576A16 /* FirstDetailViewController.m in Sources */,
				04E9B99814C9646900576A16 /* GCDAsyncSocket.m in Sources */,
				04E9B99914C9646900576A16 /* RootViewController.m in Sources */,
				04E9B99A14C9646900576A16 /* SecondDetailViewController.m in Sources */,
				04E9B99B14C9646900576A16 /* TapDetectingImageView.m in Sources */,
				04E9B99C14C9646900576A16 /* ThirdDetailViewController.m in Sources */,
			);
			runOnlyForDeploymentPostprocessing = 0;
		};
/* End PBXSourcesBuildPhase section */

/* Begin XCBuildConfiguration section */
		04E9B8F414C9603B00576A16 /* Debug */ = {
			isa = XCBuildConfiguration;
			buildSettings = {
				ARCHS = "$(ARCHS_UNIVERSAL_IPHONE_OS)";
				"CODE_SIGN_IDENTITY[sdk=iphoneos*]" = "iPhone Developer";
				GCC_C_LANGUAGE_STANDARD = gnu99;
				GCC_OPTIMIZATION_LEVEL = 0;
				GCC_PREPROCESSOR_DEFINITIONS = DEBUG;
				GCC_SYMBOLS_PRIVATE_EXTERN = NO;
				GCC_VERSION = com.apple.compilers.llvmgcc42;
				GCC_WARN_ABOUT_RETURN_TYPE = YES;
				GCC_WARN_UNUSED_VARIABLE = YES;
				IPHONEOS_DEPLOYMENT_TARGET = 5.0;
				SDKROOT = iphoneos;
				TARGETED_DEVICE_FAMILY = 2;
			};
			name = Debug;
		};
		04E9B8F514C9603B00576A16 /* Release */ = {
			isa = XCBuildConfiguration;
			buildSettings = {
				ARCHS = "$(ARCHS_UNIVERSAL_IPHONE_OS)";
				"CODE_SIGN_IDENTITY[sdk=iphoneos*]" = "iPhone Developer";
				GCC_C_LANGUAGE_STANDARD = gnu99;
				GCC_VERSION = com.apple.compilers.llvmgcc42;
				GCC_WARN_ABOUT_RETURN_TYPE = YES;
				GCC_WARN_UNUSED_VARIABLE = YES;
				IPHONEOS_DEPLOYMENT_TARGET = 5.0;
				OTHER_CFLAGS = "-DNS_BLOCK_ASSERTIONS=1";
				SDKROOT = iphoneos;
				TARGETED_DEVICE_FAMILY = 2;
			};
			name = Release;
		};
		04E9B8F714C9603B00576A16 /* Debug */ = {
			isa = XCBuildConfiguration;
			buildSettings = {
				ALWAYS_SEARCH_USER_PATHS = NO;
				COPY_PHASE_STRIP = NO;
				FRAMEWORK_SEARCH_PATHS = (
					"$(inherited)",
					"\"$(SRCROOT)\"",
				);
				GCC_DYNAMIC_NO_PIC = NO;
				GCC_PRECOMPILE_PREFIX_HEADER = YES;
				GCC_PREFIX_HEADER = MultipleDetailViews_Prefix.pch;
				INFOPLIST_FILE = "MultipleDetailViews-Info.plist";
				IPHONEOS_DEPLOYMENT_TARGET = 5.0;
				PRODUCT_NAME = "$(TARGET_NAME)";
				TARGETED_DEVICE_FAMILY = 2;
				WRAPPER_EXTENSION = app;
			};
			name = Debug;
		};
		04E9B8F814C9603B00576A16 /* Release */ = {
			isa = XCBuildConfiguration;
			buildSettings = {
				ALWAYS_SEARCH_USER_PATHS = NO;
				COPY_PHASE_STRIP = YES;
				FRAMEWORK_SEARCH_PATHS = (
					"$(inherited)",
					"\"$(SRCROOT)\"",
				);
				GCC_PRECOMPILE_PREFIX_HEADER = YES;
				GCC_PREFIX_HEADER = MultipleDetailViews_Prefix.pch;
				INFOPLIST_FILE = "MultipleDetailViews-Info.plist";
				IPHONEOS_DEPLOYMENT_TARGET = 5.0;
				PRODUCT_NAME = "$(TARGET_NAME)";
				TARGETED_DEVICE_FAMILY = 2;
				VALIDATE_PRODUCT = YES;
				WRAPPER_EXTENSION = app;
			};
			name = Release;
		};
/* End XCBuildConfiguration section */

/* Begin XCConfigurationList section */
		04E9B8CC14C9603A00576A16 /* Build configuration list for PBXProject "MultipleDetailViews" */ = {
			isa = XCConfigurationList;
			buildConfigurations = (
				04E9B8F414C9603B00576A16 /* Debug */,
				04E9B8F514C9603B00576A16 /* Release */,
			);
			defaultConfigurationIsVisible = 0;
			defaultConfigurationName = Release;
		};
		04E9B8F614C9603B00576A16 /* Build configuration list for PBXNativeTarget "MultipleDetailViews" */ = {
			isa = XCConfigurationList;
			buildConfigurations = (
				04E9B8F714C9603B00576A16 /* Debug */,
				04E9B8F814C9603B00576A16 /* Release */,
			);
			defaultConfigurationIsVisible = 0;
			defaultConfigurationName = Release;
		};
/* End XCConfigurationList section */
	};
	rootObject = 04E9B8C914C9603A00576A16 /* Project object */;
}
